
Microsoft Visual Studio Solution File, Format Version 12.00
# Visual Studio Version 17
VisualStudioVersion = 17.11.35327.3
MinimumVisualStudioVersion = 10.0.40219.1
Project("{9A19103F-16F7-4668-BE54-9A1E7A4F7556}") = "MyServerCode.Summer", "MyServerCode.Summer\MyServerCode.Summer.csproj", "{A94B2B3A-AB00-46D9-85F3-467A4CC1D1BF}"
EndProject
Project("{2150E333-8FDC-42A3-9474-1A3956D46DE8}") = "基础工具类", "基础工具类", "{12340FEA-2E00-4B21-B00F-37E368B137D1}"
EndProject
Project("{2150E333-8FDC-42A3-9474-1A3956D46DE8}") = "服务类", "服务类", "{1058147E-2511-4FC8-93C1-D4B826F628D2}"
EndProject
Project("{9A19103F-16F7-4668-BE54-9A1E7A4F7556}") = "MyServerCore.Server", "MyServerCore.Server\MyServerCore.Server.csproj", "{15F4DFBE-B381-4468-BB3C-300BC38863E8}"
EndProject
Project("{2150E333-8FDC-42A3-9474-1A3956D46DE8}") = "Test", "Test", "{F994475F-74CB-438B-8872-BF390167A896}"
EndProject
Project("{9A19103F-16F7-4668-BE54-9A1E7A4F7556}") = "MyTcpServerTest", "MyTcpServerTest\MyTcpServerTest.csproj", "{29BC3053-3BD0-4A78-A97B-DEE8EA3D0947}"
EndProject
Project("{9A19103F-16F7-4668-BE54-9A1E7A4F7556}") = "MyTcpClientTest", "MyTcpClientTest\MyTcpClientTest.csproj", "{68E35D5F-353C-472E-A7AE-60BE70A8469B}"
EndProject
Project("{FAE04EC0-301F-11D3-BF4B-00C04F79EFBC}") = "MyServerCore.Log", "MyServerCore.Log\MyServerCore.Log.csproj", "{798DE7ED-F191-467D-8E95-955D345994CA}"
EndProject
Global
	GlobalSection(SolutionConfigurationPlatforms) = preSolution
		Debug|Any CPU = Debug|Any CPU
		Release|Any CPU = Release|Any CPU
	EndGlobalSection
	GlobalSection(ProjectConfigurationPlatforms) = postSolution
		{A94B2B3A-AB00-46D9-85F3-467A4CC1D1BF}.Debug|Any CPU.ActiveCfg = Debug|Any CPU
		{A94B2B3A-AB00-46D9-85F3-467A4CC1D1BF}.Debug|Any CPU.Build.0 = Debug|Any CPU
		{A94B2B3A-AB00-46D9-85F3-467A4CC1D1BF}.Release|Any CPU.ActiveCfg = Release|Any CPU
		{A94B2B3A-AB00-46D9-85F3-467A4CC1D1BF}.Release|Any CPU.Build.0 = Release|Any CPU
		{15F4DFBE-B381-4468-BB3C-300BC38863E8}.Debug|Any CPU.ActiveCfg = Debug|Any CPU
		{15F4DFBE-B381-4468-BB3C-300BC38863E8}.Debug|Any CPU.Build.0 = Debug|Any CPU
		{15F4DFBE-B381-4468-BB3C-300BC38863E8}.Release|Any CPU.ActiveCfg = Release|Any CPU
		{15F4DFBE-B381-4468-BB3C-300BC38863E8}.Release|Any CPU.Build.0 = Release|Any CPU
		{29BC3053-3BD0-4A78-A97B-DEE8EA3D0947}.Debug|Any CPU.ActiveCfg = Debug|Any CPU
		{29BC3053-3BD0-4A78-A97B-DEE8EA3D0947}.Debug|Any CPU.Build.0 = Debug|Any CPU
		{29BC3053-3BD0-4A78-A97B-DEE8EA3D0947}.Release|Any CPU.ActiveCfg = Release|Any CPU
		{29BC3053-3BD0-4A78-A97B-DEE8EA3D0947}.Release|Any CPU.Build.0 = Release|Any CPU
		{68E35D5F-353C-472E-A7AE-60BE70A8469B}.Debug|Any CPU.ActiveCfg = Debug|Any CPU
		{68E35D5F-353C-472E-A7AE-60BE70A8469B}.Debug|Any CPU.Build.0 = Debug|Any CPU
		{68E35D5F-353C-472E-A7AE-60BE70A8469B}.Release|Any CPU.ActiveCfg = Release|Any CPU
		{68E35D5F-353C-472E-A7AE-60BE70A8469B}.Release|Any CPU.Build.0 = Release|Any CPU
		{798DE7ED-F191-467D-8E95-955D345994CA}.Debug|Any CPU.ActiveCfg = Debug|Any CPU
		{798DE7ED-F191-467D-8E95-955D345994CA}.Debug|Any CPU.Build.0 = Debug|Any CPU
		{798DE7ED-F191-467D-8E95-955D345994CA}.Release|Any CPU.ActiveCfg = Release|Any CPU
		{798DE7ED-F191-467D-8E95-955D345994CA}.Release|Any CPU.Build.0 = Release|Any CPU
	EndGlobalSection
	GlobalSection(SolutionProperties) = preSolution
		HideSolutionNode = FALSE
	EndGlobalSection
	GlobalSection(NestedProjects) = preSolution
		{A94B2B3A-AB00-46D9-85F3-467A4CC1D1BF} = {12340FEA-2E00-4B21-B00F-37E368B137D1}
		{15F4DFBE-B381-4468-BB3C-300BC38863E8} = {1058147E-2511-4FC8-93C1-D4B826F628D2}
		{29BC3053-3BD0-4A78-A97B-DEE8EA3D0947} = {F994475F-74CB-438B-8872-BF390167A896}
		{68E35D5F-353C-472E-A7AE-60BE70A8469B} = {F994475F-74CB-438B-8872-BF390167A896}
		{798DE7ED-F191-467D-8E95-955D345994CA} = {12340FEA-2E00-4B21-B00F-37E368B137D1}
	EndGlobalSection
EndGlobal
